// !$*UTF8*$!
{
	archiveVersion = 1;
	classes = {
	};
	objectVersion = 50;
	objects = {

/* Begin PBXBuildFile section */
		0114CA6825646454008E3F8A /* Link.swift in Sources */ = {isa = PBXBuildFile; fileRef = 0114CA6725646454008E3F8A /* Link.swift */; };
		0114CA6D2564669B008E3F8A /* LinkTests.swift in Sources */ = {isa = PBXBuildFile; fileRef = 0114CA6C2564669B008E3F8A /* LinkTests.swift */; };
		0114CA7225646A23008E3F8A /* Target.swift in Sources */ = {isa = PBXBuildFile; fileRef = 0114CA7125646A23008E3F8A /* Target.swift */; };
		0114CA7725646D68008E3F8A /* LinkViewBuilder.swift in Sources */ = {isa = PBXBuildFile; fileRef = 0114CA7625646D68008E3F8A /* LinkViewBuilder.swift */; };
		0114CA8125647B1A008E3F8A /* ImageLink.swift in Sources */ = {isa = PBXBuildFile; fileRef = 0114CA8025647B1A008E3F8A /* ImageLink.swift */; };
		016A6CF72593A9EA00C62F47 /* IDModifier.swift in Sources */ = {isa = PBXBuildFile; fileRef = 016A6CF62593A9EA00C62F47 /* IDModifier.swift */; };
		016A6CFC2593AA0200C62F47 /* ClassModifier.swift in Sources */ = {isa = PBXBuildFile; fileRef = 016A6CFB2593AA0200C62F47 /* ClassModifier.swift */; };
		016A6D0B2593D32D00C62F47 /* Div.swift in Sources */ = {isa = PBXBuildFile; fileRef = 016A6D0A2593D32D00C62F47 /* Div.swift */; };
		016A6D102593DBF500C62F47 /* DivTests.swift in Sources */ = {isa = PBXBuildFile; fileRef = 016A6D0F2593DBF500C62F47 /* DivTests.swift */; };
		016A6D152593E3A400C62F47 /* IFrame.swift in Sources */ = {isa = PBXBuildFile; fileRef = 016A6D142593E3A400C62F47 /* IFrame.swift */; };
		016A6D1A2593F52C00C62F47 /* MarginModifier.swift in Sources */ = {isa = PBXBuildFile; fileRef = 016A6D192593F52C00C62F47 /* MarginModifier.swift */; };
		016A6D1F2593F61C00C62F47 /* PaddingModifier.swift in Sources */ = {isa = PBXBuildFile; fileRef = 016A6D1E2593F61C00C62F47 /* PaddingModifier.swift */; };
		016A6D2C2594008100C62F47 /* MarginModifierTests.swift in Sources */ = {isa = PBXBuildFile; fileRef = 016A6D2B2594008100C62F47 /* MarginModifierTests.swift */; };
		016A6D312594020800C62F47 /* PaddingModifierTests.swift in Sources */ = {isa = PBXBuildFile; fileRef = 016A6D302594020800C62F47 /* PaddingModifierTests.swift */; };
		016A6D372594941B00C62F47 /* CSSStyle.swift in Sources */ = {isa = PBXBuildFile; fileRef = 016A6D362594941B00C62F47 /* CSSStyle.swift */; };
		016A6D44259606CE00C62F47 /* HeadStyle.swift in Sources */ = {isa = PBXBuildFile; fileRef = 016A6D43259606CE00C62F47 /* HeadStyle.swift */; };
		016A6D4C2596099E00C62F47 /* CSSStyleTests.swift in Sources */ = {isa = PBXBuildFile; fileRef = 016A6D4B2596099E00C62F47 /* CSSStyleTests.swift */; };
		016A6D572596852500C62F47 /* Position.swift in Sources */ = {isa = PBXBuildFile; fileRef = 016A6D562596852500C62F47 /* Position.swift */; };
		016A6D5C25968CDC00C62F47 /* PositionModifier.swift in Sources */ = {isa = PBXBuildFile; fileRef = 016A6D5B25968CDC00C62F47 /* PositionModifier.swift */; };
		016A6D612596A45200C62F47 /* Display.swift in Sources */ = {isa = PBXBuildFile; fileRef = 016A6D602596A45200C62F47 /* Display.swift */; };
		016A6D662596A82B00C62F47 /* TextDecoration.swift in Sources */ = {isa = PBXBuildFile; fileRef = 016A6D652596A82B00C62F47 /* TextDecoration.swift */; };
		016A6D6B2596A99200C62F47 /* PageNavStyle.swift in Sources */ = {isa = PBXBuildFile; fileRef = 016A6D6A2596A99200C62F47 /* PageNavStyle.swift */; };
		016A6D702596B0A300C62F47 /* IndexBodyStyle.swift in Sources */ = {isa = PBXBuildFile; fileRef = 016A6D6F2596B0A300C62F47 /* IndexBodyStyle.swift */; };
		016A6D752597A26D00C62F47 /* PageBoxStyle.swift in Sources */ = {isa = PBXBuildFile; fileRef = 016A6D742597A26D00C62F47 /* PageBoxStyle.swift */; };
		016A6D7A2597B5E000C62F47 /* HeroImageStyle.swift in Sources */ = {isa = PBXBuildFile; fileRef = 016A6D792597B5E000C62F47 /* HeroImageStyle.swift */; };
		0196B207255F105000EE0E24 /* main.swift in Sources */ = {isa = PBXBuildFile; fileRef = 0196B206255F105000EE0E24 /* main.swift */; };
		0196B21C255F107000EE0E24 /* HTMLDSL.framework in Frameworks */ = {isa = PBXBuildFile; fileRef = 0196B213255F107000EE0E24 /* HTMLDSL.framework */; };
		0196B221255F107000EE0E24 /* DocumentTests.swift in Sources */ = {isa = PBXBuildFile; fileRef = 0196B220255F107000EE0E24 /* DocumentTests.swift */; };
		0196B223255F107000EE0E24 /* HTMLDSL.h in Headers */ = {isa = PBXBuildFile; fileRef = 0196B215255F107000EE0E24 /* HTMLDSL.h */; settings = {ATTRIBUTES = (Public, ); }; };
		0196B233255F110E00EE0E24 /* View.swift in Sources */ = {isa = PBXBuildFile; fileRef = 0196B232255F110E00EE0E24 /* View.swift */; };
		0196B238255F16F900EE0E24 /* Document.swift in Sources */ = {isa = PBXBuildFile; fileRef = 0196B237255F16F900EE0E24 /* Document.swift */; };
		0196B24F255F210900EE0E24 /* View + Never.swift in Sources */ = {isa = PBXBuildFile; fileRef = 0196B24E255F210900EE0E24 /* View + Never.swift */; };
		0196B254255F212700EE0E24 /* ViewBuilder.swift in Sources */ = {isa = PBXBuildFile; fileRef = 0196B253255F212700EE0E24 /* ViewBuilder.swift */; };
		0196B25C255F298100EE0E24 /* HTMLView.swift in Sources */ = {isa = PBXBuildFile; fileRef = 0196B25B255F298100EE0E24 /* HTMLView.swift */; };
		0196B264255F2EB800EE0E24 /* HTML.swift in Sources */ = {isa = PBXBuildFile; fileRef = 0196B263255F2EB700EE0E24 /* HTML.swift */; };
		0196B269255F306700EE0E24 /* Body.swift in Sources */ = {isa = PBXBuildFile; fileRef = 0196B268255F306700EE0E24 /* Body.swift */; };
		0196B26E255F309300EE0E24 /* Headings.swift in Sources */ = {isa = PBXBuildFile; fileRef = 0196B26D255F309300EE0E24 /* Headings.swift */; };
		0196B279255F374E00EE0E24 /* Head.swift in Sources */ = {isa = PBXBuildFile; fileRef = 0196B278255F374E00EE0E24 /* Head.swift */; };
		019CB936255FDC0600C71B10 /* View + Element.swift in Sources */ = {isa = PBXBuildFile; fileRef = 019CB935255FDC0600C71B10 /* View + Element.swift */; };
		019CB93C255FDC5C00C71B10 /* Tag.swift in Sources */ = {isa = PBXBuildFile; fileRef = 019CB93B255FDC5C00C71B10 /* Tag.swift */; };
		019CB941255FDC8B00C71B10 /* AnyView.swift in Sources */ = {isa = PBXBuildFile; fileRef = 019CB940255FDC8B00C71B10 /* AnyView.swift */; };
		019CB946255FDCBD00C71B10 /* EmptyView.swift in Sources */ = {isa = PBXBuildFile; fileRef = 019CB945255FDCBD00C71B10 /* EmptyView.swift */; };
		019CB956255FE40400C71B10 /* Title.swift in Sources */ = {isa = PBXBuildFile; fileRef = 019CB955255FE40400C71B10 /* Title.swift */; };
		019CB95E25600E0B00C71B10 /* Meta.swift in Sources */ = {isa = PBXBuildFile; fileRef = 019CB95D25600E0B00C71B10 /* Meta.swift */; };
		019CB963256013B100C71B10 /* MetaTests.swift in Sources */ = {isa = PBXBuildFile; fileRef = 019CB962256013B100C71B10 /* MetaTests.swift */; };
		019CB9762560216100C71B10 /* Image.swift in Sources */ = {isa = PBXBuildFile; fileRef = 019CB9752560216100C71B10 /* Image.swift */; };
		019CB97C2560234700C71B10 /* ImageTests.swift in Sources */ = {isa = PBXBuildFile; fileRef = 019CB97B2560234700C71B10 /* ImageTests.swift */; };
		019CB98D256039E100C71B10 /* Paragraphs.swift in Sources */ = {isa = PBXBuildFile; fileRef = 019CB98C256039E100C71B10 /* Paragraphs.swift */; };
		019CB99225603AA700C71B10 /* ParagraphTests.swift in Sources */ = {isa = PBXBuildFile; fileRef = 019CB99125603AA700C71B10 /* ParagraphTests.swift */; };
		01AA15EE25655571006F2B39 /* TargetModifier.swift in Sources */ = {isa = PBXBuildFile; fileRef = 01AA15ED25655571006F2B39 /* TargetModifier.swift */; };
		01AA15F3256555F5006F2B39 /* LinkView + Modifier.swift in Sources */ = {isa = PBXBuildFile; fileRef = 01AA15F2256555F5006F2B39 /* LinkView + Modifier.swift */; };
		01B22B5C25613F93009DAAB4 /* HTMLViewBuilder.swift in Sources */ = {isa = PBXBuildFile; fileRef = 01B22B5B25613F93009DAAB4 /* HTMLViewBuilder.swift */; };
		01B22B64256168D5009DAAB4 /* Style.swift in Sources */ = {isa = PBXBuildFile; fileRef = 01B22B63256168D5009DAAB4 /* Style.swift */; };
		01B22B6925616924009DAAB4 /* Color.swift in Sources */ = {isa = PBXBuildFile; fileRef = 01B22B6825616924009DAAB4 /* Color.swift */; };
		01B22B6E25616BF9009DAAB4 /* Attribute.swift in Sources */ = {isa = PBXBuildFile; fileRef = 01B22B6D25616BF9009DAAB4 /* Attribute.swift */; };
		01B22B902562573B009DAAB4 /* ViewModifier.swift in Sources */ = {isa = PBXBuildFile; fileRef = 01B22B8F2562573B009DAAB4 /* ViewModifier.swift */; };
		01B22B9B25625959009DAAB4 /* EmptyModifier.swift in Sources */ = {isa = PBXBuildFile; fileRef = 01B22B9A25625958009DAAB4 /* EmptyModifier.swift */; };
		01B22BA025625AB7009DAAB4 /* ModifiedContent.swift in Sources */ = {isa = PBXBuildFile; fileRef = 01B22B9F25625AB7009DAAB4 /* ModifiedContent.swift */; };
		01B22BA525625B33009DAAB4 /* ModifiedContent + View.swift in Sources */ = {isa = PBXBuildFile; fileRef = 01B22BA425625B33009DAAB4 /* ModifiedContent + View.swift */; };
		01B22BAA25626685009DAAB4 /* BackgroundColorModifier.swift in Sources */ = {isa = PBXBuildFile; fileRef = 01B22BA925626685009DAAB4 /* BackgroundColorModifier.swift */; };
		01B22BAF25626986009DAAB4 /* View + Modifier.swift in Sources */ = {isa = PBXBuildFile; fileRef = 01B22BAE25626985009DAAB4 /* View + Modifier.swift */; };
		01B22BB525626DF3009DAAB4 /* ModifiedContentTests.swift in Sources */ = {isa = PBXBuildFile; fileRef = 01B22BB425626DF3009DAAB4 /* ModifiedContentTests.swift */; };
		01B22BC02562B84C009DAAB4 /* ViewModifier + Extension.swift in Sources */ = {isa = PBXBuildFile; fileRef = 01B22BBF2562B84C009DAAB4 /* ViewModifier + Extension.swift */; };
		01B22BC52562BA7F009DAAB4 /* ForegroundColorModifier.swift in Sources */ = {isa = PBXBuildFile; fileRef = 01B22BC42562BA7F009DAAB4 /* ForegroundColorModifier.swift */; };
		01B22BCA2562BFE2009DAAB4 /* TextView + Modifier.swift in Sources */ = {isa = PBXBuildFile; fileRef = 01B22BC92562BFE2009DAAB4 /* TextView + Modifier.swift */; };
		01B22BD22562D776009DAAB4 /* SizeModifier.swift in Sources */ = {isa = PBXBuildFile; fileRef = 01B22BD12562D776009DAAB4 /* SizeModifier.swift */; };
		01B22BD72562D9C3009DAAB4 /* SizeModifierTests.swift in Sources */ = {isa = PBXBuildFile; fileRef = 01B22BD62562D9C3009DAAB4 /* SizeModifierTests.swift */; };
		01B22BDC2562EE40009DAAB4 /* Dimension.swift in Sources */ = {isa = PBXBuildFile; fileRef = 01B22BDB2562EE40009DAAB4 /* Dimension.swift */; };
		01B22BE12562EE5F009DAAB4 /* FontSize.swift in Sources */ = {isa = PBXBuildFile; fileRef = 01B22BE02562EE5F009DAAB4 /* FontSize.swift */; };
		01B22BE62562EE77009DAAB4 /* FontFamily.swift in Sources */ = {isa = PBXBuildFile; fileRef = 01B22BE52562EE77009DAAB4 /* FontFamily.swift */; };
		01B22BEB2562FFB4009DAAB4 /* FontModifier.swift in Sources */ = {isa = PBXBuildFile; fileRef = 01B22BEA2562FFB4009DAAB4 /* FontModifier.swift */; };
		01B22BF02563024F009DAAB4 /* FontModifierTests.swift in Sources */ = {isa = PBXBuildFile; fileRef = 01B22BEF2563024F009DAAB4 /* FontModifierTests.swift */; };
		01B22BF525630886009DAAB4 /* TextAlignment.swift in Sources */ = {isa = PBXBuildFile; fileRef = 01B22BF425630886009DAAB4 /* TextAlignment.swift */; };
		01B22BFA25630981009DAAB4 /* TextAlignmentModifier.swift in Sources */ = {isa = PBXBuildFile; fileRef = 01B22BF925630981009DAAB4 /* TextAlignmentModifier.swift */; };
		01B22BFF25630D6F009DAAB4 /* TextFormatting.swift in Sources */ = {isa = PBXBuildFile; fileRef = 01B22BFE25630D6F009DAAB4 /* TextFormatting.swift */; };
		01B22C0425630FFA009DAAB4 /* TextFormattingTests.swift in Sources */ = {isa = PBXBuildFile; fileRef = 01B22C0325630FFA009DAAB4 /* TextFormattingTests.swift */; };
		01E8025D256CDEA400B541ED /* IndexTests.swift in Sources */ = {isa = PBXBuildFile; fileRef = 01E8025C256CDEA400B541ED /* IndexTests.swift */; };
		01FC8CDB25A42E0E00719706 /* Hero.swift in Sources */ = {isa = PBXBuildFile; fileRef = 01FC8CDA25A42E0E00719706 /* Hero.swift */; };
		01FC8CE325A43C7800719706 /* Grid.swift in Sources */ = {isa = PBXBuildFile; fileRef = 01FC8CE225A43C7800719706 /* Grid.swift */; };
		01FC8D0425A468FA00719706 /* CSSLink.swift in Sources */ = {isa = PBXBuildFile; fileRef = 01FC8D0325A468FA00719706 /* CSSLink.swift */; };
		01FC8D0C25A46C0500719706 /* BackgroundImageModifier.swift in Sources */ = {isa = PBXBuildFile; fileRef = 01FC8D0B25A46C0500719706 /* BackgroundImageModifier.swift */; };
		95053A0D280D3B7E00C9D331 /* NewLine.swift in Sources */ = {isa = PBXBuildFile; fileRef = 95053A0C280D3B7E00C9D331 /* NewLine.swift */; };
		95053A0F280D3D8C00C9D331 /* View + String.swift in Sources */ = {isa = PBXBuildFile; fileRef = 95053A0E280D3D8C00C9D331 /* View + String.swift */; };
		955FD7CF289C1110009F4503 /* Markdown.swift in Sources */ = {isa = PBXBuildFile; fileRef = 955FD7CE289C1110009F4503 /* Markdown.swift */; };
		955FD7D1289C21BE009F4503 /* MarkdownTests.swift in Sources */ = {isa = PBXBuildFile; fileRef = 955FD7D0289C21BE009F4503 /* MarkdownTests.swift */; };
		959553F728053659008A3A14 /* Indentation.swift in Sources */ = {isa = PBXBuildFile; fileRef = 959553F628053659008A3A14 /* Indentation.swift */; };
/* End PBXBuildFile section */

/* Begin PBXContainerItemProxy section */
		0196B21D255F107000EE0E24 /* PBXContainerItemProxy */ = {
			isa = PBXContainerItemProxy;
			containerPortal = 0196B1FB255F105000EE0E24 /* Project object */;
			proxyType = 1;
			remoteGlobalIDString = 0196B212255F107000EE0E24;
			remoteInfo = HTMLDSL;
		};
/* End PBXContainerItemProxy section */

/* Begin PBXCopyFilesBuildPhase section */
		0196B201255F105000EE0E24 /* CopyFiles */ = {
			isa = PBXCopyFilesBuildPhase;
			buildActionMask = 2147483647;
			dstPath = /usr/share/man/man1/;
			dstSubfolderSpec = 0;
			files = (
			);
			runOnlyForDeploymentPostprocessing = 1;
		};
/* End PBXCopyFilesBuildPhase section */

/* Begin PBXFileReference section */
		0114CA6725646454008E3F8A /* Link.swift */ = {isa = PBXFileReference; lastKnownFileType = sourcecode.swift; path = Link.swift; sourceTree = "<group>"; };
		0114CA6C2564669B008E3F8A /* LinkTests.swift */ = {isa = PBXFileReference; lastKnownFileType = sourcecode.swift; path = LinkTests.swift; sourceTree = "<group>"; };
		0114CA7125646A23008E3F8A /* Target.swift */ = {isa = PBXFileReference; lastKnownFileType = sourcecode.swift; path = Target.swift; sourceTree = "<group>"; };
		0114CA7625646D68008E3F8A /* LinkViewBuilder.swift */ = {isa = PBXFileReference; lastKnownFileType = sourcecode.swift; path = LinkViewBuilder.swift; sourceTree = "<group>"; };
		0114CA8025647B1A008E3F8A /* ImageLink.swift */ = {isa = PBXFileReference; lastKnownFileType = sourcecode.swift; path = ImageLink.swift; sourceTree = "<group>"; };
		016A6CF62593A9EA00C62F47 /* IDModifier.swift */ = {isa = PBXFileReference; lastKnownFileType = sourcecode.swift; path = IDModifier.swift; sourceTree = "<group>"; };
		016A6CFB2593AA0200C62F47 /* ClassModifier.swift */ = {isa = PBXFileReference; lastKnownFileType = sourcecode.swift; path = ClassModifier.swift; sourceTree = "<group>"; };
		016A6D0A2593D32D00C62F47 /* Div.swift */ = {isa = PBXFileReference; lastKnownFileType = sourcecode.swift; path = Div.swift; sourceTree = "<group>"; };
		016A6D0F2593DBF500C62F47 /* DivTests.swift */ = {isa = PBXFileReference; lastKnownFileType = sourcecode.swift; path = DivTests.swift; sourceTree = "<group>"; };
		016A6D142593E3A400C62F47 /* IFrame.swift */ = {isa = PBXFileReference; lastKnownFileType = sourcecode.swift; path = IFrame.swift; sourceTree = "<group>"; };
		016A6D192593F52C00C62F47 /* MarginModifier.swift */ = {isa = PBXFileReference; lastKnownFileType = sourcecode.swift; path = MarginModifier.swift; sourceTree = "<group>"; };
		016A6D1E2593F61C00C62F47 /* PaddingModifier.swift */ = {isa = PBXFileReference; lastKnownFileType = sourcecode.swift; path = PaddingModifier.swift; sourceTree = "<group>"; };
		016A6D2B2594008100C62F47 /* MarginModifierTests.swift */ = {isa = PBXFileReference; lastKnownFileType = sourcecode.swift; path = MarginModifierTests.swift; sourceTree = "<group>"; };
		016A6D302594020800C62F47 /* PaddingModifierTests.swift */ = {isa = PBXFileReference; lastKnownFileType = sourcecode.swift; path = PaddingModifierTests.swift; sourceTree = "<group>"; };
		016A6D362594941B00C62F47 /* CSSStyle.swift */ = {isa = PBXFileReference; lastKnownFileType = sourcecode.swift; path = CSSStyle.swift; sourceTree = "<group>"; };
		016A6D43259606CE00C62F47 /* HeadStyle.swift */ = {isa = PBXFileReference; lastKnownFileType = sourcecode.swift; path = HeadStyle.swift; sourceTree = "<group>"; };
		016A6D4B2596099E00C62F47 /* CSSStyleTests.swift */ = {isa = PBXFileReference; lastKnownFileType = sourcecode.swift; path = CSSStyleTests.swift; sourceTree = "<group>"; };
		016A6D562596852500C62F47 /* Position.swift */ = {isa = PBXFileReference; lastKnownFileType = sourcecode.swift; path = Position.swift; sourceTree = "<group>"; };
		016A6D5B25968CDC00C62F47 /* PositionModifier.swift */ = {isa = PBXFileReference; lastKnownFileType = sourcecode.swift; path = PositionModifier.swift; sourceTree = "<group>"; };
		016A6D602596A45200C62F47 /* Display.swift */ = {isa = PBXFileReference; lastKnownFileType = sourcecode.swift; path = Display.swift; sourceTree = "<group>"; };
		016A6D652596A82B00C62F47 /* TextDecoration.swift */ = {isa = PBXFileReference; lastKnownFileType = sourcecode.swift; path = TextDecoration.swift; sourceTree = "<group>"; };
		016A6D6A2596A99200C62F47 /* PageNavStyle.swift */ = {isa = PBXFileReference; lastKnownFileType = sourcecode.swift; path = PageNavStyle.swift; sourceTree = "<group>"; };
		016A6D6F2596B0A300C62F47 /* IndexBodyStyle.swift */ = {isa = PBXFileReference; lastKnownFileType = sourcecode.swift; path = IndexBodyStyle.swift; sourceTree = "<group>"; };
		016A6D742597A26D00C62F47 /* PageBoxStyle.swift */ = {isa = PBXFileReference; lastKnownFileType = sourcecode.swift; path = PageBoxStyle.swift; sourceTree = "<group>"; };
		016A6D792597B5E000C62F47 /* HeroImageStyle.swift */ = {isa = PBXFileReference; lastKnownFileType = sourcecode.swift; path = HeroImageStyle.swift; sourceTree = "<group>"; };
		0196B203255F105000EE0E24 /* HTML */ = {isa = PBXFileReference; explicitFileType = "compiled.mach-o.executable"; includeInIndex = 0; path = HTML; sourceTree = BUILT_PRODUCTS_DIR; };
		0196B206255F105000EE0E24 /* main.swift */ = {isa = PBXFileReference; lastKnownFileType = sourcecode.swift; path = main.swift; sourceTree = "<group>"; };
		0196B213255F107000EE0E24 /* HTMLDSL.framework */ = {isa = PBXFileReference; explicitFileType = wrapper.framework; includeInIndex = 0; path = HTMLDSL.framework; sourceTree = BUILT_PRODUCTS_DIR; };
		0196B215255F107000EE0E24 /* HTMLDSL.h */ = {isa = PBXFileReference; lastKnownFileType = sourcecode.c.h; path = HTMLDSL.h; sourceTree = "<group>"; };
		0196B216255F107000EE0E24 /* Info.plist */ = {isa = PBXFileReference; lastKnownFileType = text.plist.xml; path = Info.plist; sourceTree = "<group>"; };
		0196B21B255F107000EE0E24 /* HTMLDSLTests.xctest */ = {isa = PBXFileReference; explicitFileType = wrapper.cfbundle; includeInIndex = 0; path = HTMLDSLTests.xctest; sourceTree = BUILT_PRODUCTS_DIR; };
		0196B220255F107000EE0E24 /* DocumentTests.swift */ = {isa = PBXFileReference; lastKnownFileType = sourcecode.swift; path = DocumentTests.swift; sourceTree = "<group>"; };
		0196B222255F107000EE0E24 /* Info.plist */ = {isa = PBXFileReference; lastKnownFileType = text.plist.xml; path = Info.plist; sourceTree = "<group>"; };
		0196B232255F110E00EE0E24 /* View.swift */ = {isa = PBXFileReference; lastKnownFileType = sourcecode.swift; path = View.swift; sourceTree = "<group>"; };
		0196B237255F16F900EE0E24 /* Document.swift */ = {isa = PBXFileReference; lastKnownFileType = sourcecode.swift; path = Document.swift; sourceTree = "<group>"; };
		0196B24E255F210900EE0E24 /* View + Never.swift */ = {isa = PBXFileReference; lastKnownFileType = sourcecode.swift; path = "View + Never.swift"; sourceTree = "<group>"; };
		0196B253255F212700EE0E24 /* ViewBuilder.swift */ = {isa = PBXFileReference; lastKnownFileType = sourcecode.swift; path = ViewBuilder.swift; sourceTree = "<group>"; };
		0196B25B255F298100EE0E24 /* HTMLView.swift */ = {isa = PBXFileReference; lastKnownFileType = sourcecode.swift; path = HTMLView.swift; sourceTree = "<group>"; };
		0196B263255F2EB700EE0E24 /* HTML.swift */ = {isa = PBXFileReference; lastKnownFileType = sourcecode.swift; path = HTML.swift; sourceTree = "<group>"; };
		0196B268255F306700EE0E24 /* Body.swift */ = {isa = PBXFileReference; lastKnownFileType = sourcecode.swift; path = Body.swift; sourceTree = "<group>"; };
		0196B26D255F309300EE0E24 /* Headings.swift */ = {isa = PBXFileReference; lastKnownFileType = sourcecode.swift; path = Headings.swift; sourceTree = "<group>"; };
		0196B278255F374E00EE0E24 /* Head.swift */ = {isa = PBXFileReference; lastKnownFileType = sourcecode.swift; path = Head.swift; sourceTree = "<group>"; };
		019CB935255FDC0600C71B10 /* View + Element.swift */ = {isa = PBXFileReference; lastKnownFileType = sourcecode.swift; path = "View + Element.swift"; sourceTree = "<group>"; };
		019CB93B255FDC5C00C71B10 /* Tag.swift */ = {isa = PBXFileReference; lastKnownFileType = sourcecode.swift; path = Tag.swift; sourceTree = "<group>"; };
		019CB940255FDC8B00C71B10 /* AnyView.swift */ = {isa = PBXFileReference; lastKnownFileType = sourcecode.swift; path = AnyView.swift; sourceTree = "<group>"; };
		019CB945255FDCBD00C71B10 /* EmptyView.swift */ = {isa = PBXFileReference; lastKnownFileType = sourcecode.swift; path = EmptyView.swift; sourceTree = "<group>"; };
		019CB955255FE40400C71B10 /* Title.swift */ = {isa = PBXFileReference; lastKnownFileType = sourcecode.swift; path = Title.swift; sourceTree = "<group>"; };
		019CB95D25600E0B00C71B10 /* Meta.swift */ = {isa = PBXFileReference; lastKnownFileType = sourcecode.swift; path = Meta.swift; sourceTree = "<group>"; };
		019CB962256013B100C71B10 /* MetaTests.swift */ = {isa = PBXFileReference; lastKnownFileType = sourcecode.swift; path = MetaTests.swift; sourceTree = "<group>"; };
		019CB9752560216100C71B10 /* Image.swift */ = {isa = PBXFileReference; lastKnownFileType = sourcecode.swift; path = Image.swift; sourceTree = "<group>"; };
		019CB97B2560234700C71B10 /* ImageTests.swift */ = {isa = PBXFileReference; lastKnownFileType = sourcecode.swift; path = ImageTests.swift; sourceTree = "<group>"; };
		019CB98C256039E100C71B10 /* Paragraphs.swift */ = {isa = PBXFileReference; lastKnownFileType = sourcecode.swift; path = Paragraphs.swift; sourceTree = "<group>"; };
		019CB99125603AA700C71B10 /* ParagraphTests.swift */ = {isa = PBXFileReference; lastKnownFileType = sourcecode.swift; path = ParagraphTests.swift; sourceTree = "<group>"; };
		01AA15ED25655571006F2B39 /* TargetModifier.swift */ = {isa = PBXFileReference; lastKnownFileType = sourcecode.swift; path = TargetModifier.swift; sourceTree = "<group>"; };
		01AA15F2256555F5006F2B39 /* LinkView + Modifier.swift */ = {isa = PBXFileReference; lastKnownFileType = sourcecode.swift; path = "LinkView + Modifier.swift"; sourceTree = "<group>"; };
		01B22B5B25613F93009DAAB4 /* HTMLViewBuilder.swift */ = {isa = PBXFileReference; lastKnownFileType = sourcecode.swift; path = HTMLViewBuilder.swift; sourceTree = "<group>"; };
		01B22B63256168D5009DAAB4 /* Style.swift */ = {isa = PBXFileReference; lastKnownFileType = sourcecode.swift; path = Style.swift; sourceTree = "<group>"; };
		01B22B6825616924009DAAB4 /* Color.swift */ = {isa = PBXFileReference; lastKnownFileType = sourcecode.swift; path = Color.swift; sourceTree = "<group>"; };
		01B22B6D25616BF9009DAAB4 /* Attribute.swift */ = {isa = PBXFileReference; lastKnownFileType = sourcecode.swift; path = Attribute.swift; sourceTree = "<group>"; };
		01B22B8F2562573B009DAAB4 /* ViewModifier.swift */ = {isa = PBXFileReference; lastKnownFileType = sourcecode.swift; path = ViewModifier.swift; sourceTree = "<group>"; };
		01B22B9A25625958009DAAB4 /* EmptyModifier.swift */ = {isa = PBXFileReference; lastKnownFileType = sourcecode.swift; path = EmptyModifier.swift; sourceTree = "<group>"; };
		01B22B9F25625AB7009DAAB4 /* ModifiedContent.swift */ = {isa = PBXFileReference; lastKnownFileType = sourcecode.swift; path = ModifiedContent.swift; sourceTree = "<group>"; };
		01B22BA425625B33009DAAB4 /* ModifiedContent + View.swift */ = {isa = PBXFileReference; lastKnownFileType = sourcecode.swift; path = "ModifiedContent + View.swift"; sourceTree = "<group>"; };
		01B22BA925626685009DAAB4 /* BackgroundColorModifier.swift */ = {isa = PBXFileReference; lastKnownFileType = sourcecode.swift; path = BackgroundColorModifier.swift; sourceTree = "<group>"; };
		01B22BAE25626985009DAAB4 /* View + Modifier.swift */ = {isa = PBXFileReference; lastKnownFileType = sourcecode.swift; path = "View + Modifier.swift"; sourceTree = "<group>"; };
		01B22BB425626DF3009DAAB4 /* ModifiedContentTests.swift */ = {isa = PBXFileReference; lastKnownFileType = sourcecode.swift; path = ModifiedContentTests.swift; sourceTree = "<group>"; };
		01B22BBF2562B84C009DAAB4 /* ViewModifier + Extension.swift */ = {isa = PBXFileReference; lastKnownFileType = sourcecode.swift; path = "ViewModifier + Extension.swift"; sourceTree = "<group>"; };
		01B22BC42562BA7F009DAAB4 /* ForegroundColorModifier.swift */ = {isa = PBXFileReference; lastKnownFileType = sourcecode.swift; path = ForegroundColorModifier.swift; sourceTree = "<group>"; };
		01B22BC92562BFE2009DAAB4 /* TextView + Modifier.swift */ = {isa = PBXFileReference; lastKnownFileType = sourcecode.swift; path = "TextView + Modifier.swift"; sourceTree = "<group>"; };
		01B22BD12562D776009DAAB4 /* SizeModifier.swift */ = {isa = PBXFileReference; lastKnownFileType = sourcecode.swift; path = SizeModifier.swift; sourceTree = "<group>"; };
		01B22BD62562D9C3009DAAB4 /* SizeModifierTests.swift */ = {isa = PBXFileReference; lastKnownFileType = sourcecode.swift; path = SizeModifierTests.swift; sourceTree = "<group>"; };
		01B22BDB2562EE40009DAAB4 /* Dimension.swift */ = {isa = PBXFileReference; lastKnownFileType = sourcecode.swift; path = Dimension.swift; sourceTree = "<group>"; };
		01B22BE02562EE5F009DAAB4 /* FontSize.swift */ = {isa = PBXFileReference; lastKnownFileType = sourcecode.swift; path = FontSize.swift; sourceTree = "<group>"; };
		01B22BE52562EE77009DAAB4 /* FontFamily.swift */ = {isa = PBXFileReference; lastKnownFileType = sourcecode.swift; path = FontFamily.swift; sourceTree = "<group>"; };
		01B22BEA2562FFB4009DAAB4 /* FontModifier.swift */ = {isa = PBXFileReference; lastKnownFileType = sourcecode.swift; path = FontModifier.swift; sourceTree = "<group>"; };
		01B22BEF2563024F009DAAB4 /* FontModifierTests.swift */ = {isa = PBXFileReference; lastKnownFileType = sourcecode.swift; path = FontModifierTests.swift; sourceTree = "<group>"; };
		01B22BF425630886009DAAB4 /* TextAlignment.swift */ = {isa = PBXFileReference; lastKnownFileType = sourcecode.swift; path = TextAlignment.swift; sourceTree = "<group>"; };
		01B22BF925630981009DAAB4 /* TextAlignmentModifier.swift */ = {isa = PBXFileReference; lastKnownFileType = sourcecode.swift; path = TextAlignmentModifier.swift; sourceTree = "<group>"; };
		01B22BFE25630D6F009DAAB4 /* TextFormatting.swift */ = {isa = PBXFileReference; lastKnownFileType = sourcecode.swift; path = TextFormatting.swift; sourceTree = "<group>"; };
		01B22C0325630FFA009DAAB4 /* TextFormattingTests.swift */ = {isa = PBXFileReference; lastKnownFileType = sourcecode.swift; path = TextFormattingTests.swift; sourceTree = "<group>"; };
		01E8025C256CDEA400B541ED /* IndexTests.swift */ = {isa = PBXFileReference; lastKnownFileType = sourcecode.swift; path = IndexTests.swift; sourceTree = "<group>"; };
		01FC8CDA25A42E0E00719706 /* Hero.swift */ = {isa = PBXFileReference; lastKnownFileType = sourcecode.swift; path = Hero.swift; sourceTree = "<group>"; };
		01FC8CE225A43C7800719706 /* Grid.swift */ = {isa = PBXFileReference; lastKnownFileType = sourcecode.swift; path = Grid.swift; sourceTree = "<group>"; };
		01FC8D0325A468FA00719706 /* CSSLink.swift */ = {isa = PBXFileReference; lastKnownFileType = sourcecode.swift; path = CSSLink.swift; sourceTree = "<group>"; };
		01FC8D0B25A46C0500719706 /* BackgroundImageModifier.swift */ = {isa = PBXFileReference; lastKnownFileType = sourcecode.swift; path = BackgroundImageModifier.swift; sourceTree = "<group>"; };
		95053A0C280D3B7E00C9D331 /* NewLine.swift */ = {isa = PBXFileReference; lastKnownFileType = sourcecode.swift; path = NewLine.swift; sourceTree = "<group>"; };
		95053A0E280D3D8C00C9D331 /* View + String.swift */ = {isa = PBXFileReference; lastKnownFileType = sourcecode.swift; path = "View + String.swift"; sourceTree = "<group>"; };
		955FD7CE289C1110009F4503 /* Markdown.swift */ = {isa = PBXFileReference; lastKnownFileType = sourcecode.swift; path = Markdown.swift; sourceTree = "<group>"; };
		955FD7D0289C21BE009F4503 /* MarkdownTests.swift */ = {isa = PBXFileReference; lastKnownFileType = sourcecode.swift; path = MarkdownTests.swift; sourceTree = "<group>"; };
		959553F628053659008A3A14 /* Indentation.swift */ = {isa = PBXFileReference; lastKnownFileType = sourcecode.swift; path = Indentation.swift; sourceTree = "<group>"; };
/* End PBXFileReference section */

/* Begin PBXFrameworksBuildPhase section */
		0196B200255F105000EE0E24 /* Frameworks */ = {
			isa = PBXFrameworksBuildPhase;
			buildActionMask = 2147483647;
			files = (
			);
			runOnlyForDeploymentPostprocessing = 0;
		};
		0196B210255F107000EE0E24 /* Frameworks */ = {
			isa = PBXFrameworksBuildPhase;
			buildActionMask = 2147483647;
			files = (
			);
			runOnlyForDeploymentPostprocessing = 0;
		};
		0196B218255F107000EE0E24 /* Frameworks */ = {
			isa = PBXFrameworksBuildPhase;
			buildActionMask = 2147483647;
			files = (
				0196B21C255F107000EE0E24 /* HTMLDSL.framework in Frameworks */,
			);
			runOnlyForDeploymentPostprocessing = 0;
		};
/* End PBXFrameworksBuildPhase section */

/* Begin PBXGroup section */
		0114CA8525647B3B008E3F8A /* Link */ = {
			isa = PBXGroup;
			children = (
				0114CA6725646454008E3F8A /* Link.swift */,
				0114CA8025647B1A008E3F8A /* ImageLink.swift */,
				0114CA7625646D68008E3F8A /* LinkViewBuilder.swift */,
			);
			path = Link;
			sourceTree = "<group>";
		};
		016A6D35259493F700C62F47 /* CSSStyle */ = {
			isa = PBXGroup;
			children = (
				016A6D362594941B00C62F47 /* CSSStyle.swift */,
				01FC8CD525A42DDE00719706 /* Custom */,
			);
			path = CSSStyle;
			sourceTree = "<group>";
		};
		016A6D3E2596063B00C62F47 /* CSSStyle */ = {
			isa = PBXGroup;
			children = (
				016A6D4B2596099E00C62F47 /* CSSStyleTests.swift */,
			);
			path = CSSStyle;
			sourceTree = "<group>";
		};
		0196B1FA255F105000EE0E24 = {
			isa = PBXGroup;
			children = (
				0196B205255F105000EE0E24 /* HTML */,
				0196B214255F107000EE0E24 /* HTMLDSL */,
				0196B21F255F107000EE0E24 /* HTMLDSLTests */,
				0196B204255F105000EE0E24 /* Products */,
			);
			sourceTree = "<group>";
		};
		0196B204255F105000EE0E24 /* Products */ = {
			isa = PBXGroup;
			children = (
				0196B203255F105000EE0E24 /* HTML */,
				0196B213255F107000EE0E24 /* HTMLDSL.framework */,
				0196B21B255F107000EE0E24 /* HTMLDSLTests.xctest */,
			);
			name = Products;
			sourceTree = "<group>";
		};
		0196B205255F105000EE0E24 /* HTML */ = {
			isa = PBXGroup;
			children = (
				0196B206255F105000EE0E24 /* main.swift */,
			);
			path = HTML;
			sourceTree = "<group>";
		};
		0196B214255F107000EE0E24 /* HTMLDSL */ = {
			isa = PBXGroup;
			children = (
				019CB93A255FDC2000C71B10 /* View */,
				01B22B8E25625709009DAAB4 /* ViewModifier */,
				0196B22D255F109900EE0E24 /* Document */,
				0196B231255F10FA00EE0E24 /* HTML */,
				019CB94E255FDDBD00C71B10 /* Head */,
				019CB94D255FDD9F00C71B10 /* Body */,
				016A6D35259493F700C62F47 /* CSSStyle */,
				955FD7CD289C10F6009F4503 /* Markdown */,
				0196B215255F107000EE0E24 /* HTMLDSL.h */,
				0196B216255F107000EE0E24 /* Info.plist */,
			);
			path = HTMLDSL;
			sourceTree = "<group>";
		};
		0196B21F255F107000EE0E24 /* HTMLDSLTests */ = {
			isa = PBXGroup;
			children = (
				01E8025B256CDE9300B541ED /* Index */,
				019CB9672560190E00C71B10 /* Document */,
				019CB96E2560191A00C71B10 /* Head */,
				019CB97A2560232E00C71B10 /* Body */,
				01B22BB325626DDB009DAAB4 /* ViewModifier */,
				016A6D3E2596063B00C62F47 /* CSSStyle */,
				955FD7CC289C10E9009F4503 /* Markdown */,
				0196B222255F107000EE0E24 /* Info.plist */,
			);
			path = HTMLDSLTests;
			sourceTree = "<group>";
		};
		0196B22D255F109900EE0E24 /* Document */ = {
			isa = PBXGroup;
			children = (
				0196B237255F16F900EE0E24 /* Document.swift */,
			);
			path = Document;
			sourceTree = "<group>";
		};
		0196B231255F10FA00EE0E24 /* HTML */ = {
			isa = PBXGroup;
			children = (
				0196B263255F2EB700EE0E24 /* HTML.swift */,
				01B22B5B25613F93009DAAB4 /* HTMLViewBuilder.swift */,
			);
			path = HTML;
			sourceTree = "<group>";
		};
		019CB93A255FDC2000C71B10 /* View */ = {
			isa = PBXGroup;
			children = (
				0196B232255F110E00EE0E24 /* View.swift */,
				0196B25B255F298100EE0E24 /* HTMLView.swift */,
				0196B24E255F210900EE0E24 /* View + Never.swift */,
				95053A0E280D3D8C00C9D331 /* View + String.swift */,
				959553F628053659008A3A14 /* Indentation.swift */,
				95053A0C280D3B7E00C9D331 /* NewLine.swift */,
				019CB93B255FDC5C00C71B10 /* Tag.swift */,
				01B22B63256168D5009DAAB4 /* Style.swift */,
				01B22B6D25616BF9009DAAB4 /* Attribute.swift */,
				01B22B6825616924009DAAB4 /* Color.swift */,
				01B22BDB2562EE40009DAAB4 /* Dimension.swift */,
				016A6D562596852500C62F47 /* Position.swift */,
				01B22BE02562EE5F009DAAB4 /* FontSize.swift */,
				01B22BE52562EE77009DAAB4 /* FontFamily.swift */,
				01B22BF425630886009DAAB4 /* TextAlignment.swift */,
				016A6D652596A82B00C62F47 /* TextDecoration.swift */,
				016A6D602596A45200C62F47 /* Display.swift */,
				0114CA7125646A23008E3F8A /* Target.swift */,
				019CB935255FDC0600C71B10 /* View + Element.swift */,
				0196B253255F212700EE0E24 /* ViewBuilder.swift */,
				019CB945255FDCBD00C71B10 /* EmptyView.swift */,
				019CB940255FDC8B00C71B10 /* AnyView.swift */,
			);
			path = View;
			sourceTree = "<group>";
		};
		019CB94D255FDD9F00C71B10 /* Body */ = {
			isa = PBXGroup;
			children = (
				0196B268255F306700EE0E24 /* Body.swift */,
				0196B26D255F309300EE0E24 /* Headings.swift */,
				019CB98C256039E100C71B10 /* Paragraphs.swift */,
				019CB9752560216100C71B10 /* Image.swift */,
				016A6D0A2593D32D00C62F47 /* Div.swift */,
				016A6D142593E3A400C62F47 /* IFrame.swift */,
				0114CA8525647B3B008E3F8A /* Link */,
				01FC8CD925A42DE900719706 /* Custom */,
			);
			path = Body;
			sourceTree = "<group>";
		};
		019CB94E255FDDBD00C71B10 /* Head */ = {
			isa = PBXGroup;
			children = (
				0196B278255F374E00EE0E24 /* Head.swift */,
				019CB955255FE40400C71B10 /* Title.swift */,
				019CB95D25600E0B00C71B10 /* Meta.swift */,
				01FC8D0325A468FA00719706 /* CSSLink.swift */,
				016A6D43259606CE00C62F47 /* HeadStyle.swift */,
			);
			path = Head;
			sourceTree = "<group>";
		};
		019CB9672560190E00C71B10 /* Document */ = {
			isa = PBXGroup;
			children = (
				0196B220255F107000EE0E24 /* DocumentTests.swift */,
			);
			path = Document;
			sourceTree = "<group>";
		};
		019CB96E2560191A00C71B10 /* Head */ = {
			isa = PBXGroup;
			children = (
				019CB962256013B100C71B10 /* MetaTests.swift */,
			);
			path = Head;
			sourceTree = "<group>";
		};
		019CB97A2560232E00C71B10 /* Body */ = {
			isa = PBXGroup;
			children = (
				019CB99125603AA700C71B10 /* ParagraphTests.swift */,
				019CB97B2560234700C71B10 /* ImageTests.swift */,
				0114CA6C2564669B008E3F8A /* LinkTests.swift */,
			);
			path = Body;
			sourceTree = "<group>";
		};
		01B22B8E25625709009DAAB4 /* ViewModifier */ = {
			isa = PBXGroup;
			children = (
				01B22B8F2562573B009DAAB4 /* ViewModifier.swift */,
				01B22BBF2562B84C009DAAB4 /* ViewModifier + Extension.swift */,
				01B22BAE25626985009DAAB4 /* View + Modifier.swift */,
				01B22BC92562BFE2009DAAB4 /* TextView + Modifier.swift */,
				01AA15F2256555F5006F2B39 /* LinkView + Modifier.swift */,
				01B22B9A25625958009DAAB4 /* EmptyModifier.swift */,
				016A6CF62593A9EA00C62F47 /* IDModifier.swift */,
				016A6CFB2593AA0200C62F47 /* ClassModifier.swift */,
				01B22BA925626685009DAAB4 /* BackgroundColorModifier.swift */,
				01FC8D0B25A46C0500719706 /* BackgroundImageModifier.swift */,
				01B22BD12562D776009DAAB4 /* SizeModifier.swift */,
				016A6D192593F52C00C62F47 /* MarginModifier.swift */,
				016A6D1E2593F61C00C62F47 /* PaddingModifier.swift */,
				016A6D5B25968CDC00C62F47 /* PositionModifier.swift */,
				01B22BC42562BA7F009DAAB4 /* ForegroundColorModifier.swift */,
				01B22BEA2562FFB4009DAAB4 /* FontModifier.swift */,
				01B22BF925630981009DAAB4 /* TextAlignmentModifier.swift */,
				01AA15ED25655571006F2B39 /* TargetModifier.swift */,
				01B22BFE25630D6F009DAAB4 /* TextFormatting.swift */,
				01B22B9F25625AB7009DAAB4 /* ModifiedContent.swift */,
				01B22BA425625B33009DAAB4 /* ModifiedContent + View.swift */,
			);
			path = ViewModifier;
			sourceTree = "<group>";
		};
		01B22BB325626DDB009DAAB4 /* ViewModifier */ = {
			isa = PBXGroup;
			children = (
				01B22BB425626DF3009DAAB4 /* ModifiedContentTests.swift */,
				016A6D2B2594008100C62F47 /* MarginModifierTests.swift */,
				016A6D302594020800C62F47 /* PaddingModifierTests.swift */,
				01B22BD62562D9C3009DAAB4 /* SizeModifierTests.swift */,
				01B22BEF2563024F009DAAB4 /* FontModifierTests.swift */,
				01B22C0325630FFA009DAAB4 /* TextFormattingTests.swift */,
				016A6D0F2593DBF500C62F47 /* DivTests.swift */,
			);
			path = ViewModifier;
			sourceTree = "<group>";
		};
		01E8025B256CDE9300B541ED /* Index */ = {
			isa = PBXGroup;
			children = (
				01E8025C256CDEA400B541ED /* IndexTests.swift */,
			);
			path = Index;
			sourceTree = "<group>";
		};
		01FC8CD525A42DDE00719706 /* Custom */ = {
			isa = PBXGroup;
			children = (
				016A6D6A2596A99200C62F47 /* PageNavStyle.swift */,
				016A6D6F2596B0A300C62F47 /* IndexBodyStyle.swift */,
				016A6D742597A26D00C62F47 /* PageBoxStyle.swift */,
				016A6D792597B5E000C62F47 /* HeroImageStyle.swift */,
			);
			path = Custom;
			sourceTree = "<group>";
		};
		01FC8CD925A42DE900719706 /* Custom */ = {
			isa = PBXGroup;
			children = (
				01FC8CDA25A42E0E00719706 /* Hero.swift */,
				01FC8CE225A43C7800719706 /* Grid.swift */,
			);
			path = Custom;
			sourceTree = "<group>";
		};
		955FD7CC289C10E9009F4503 /* Markdown */ = {
			isa = PBXGroup;
			children = (
				955FD7D0289C21BE009F4503 /* MarkdownTests.swift */,
			);
			path = Markdown;
			sourceTree = "<group>";
		};
		955FD7CD289C10F6009F4503 /* Markdown */ = {
			isa = PBXGroup;
			children = (
				955FD7CE289C1110009F4503 /* Markdown.swift */,
			);
			path = Markdown;
			sourceTree = "<group>";
		};
/* End PBXGroup section */

/* Begin PBXHeadersBuildPhase section */
		0196B20E255F107000EE0E24 /* Headers */ = {
			isa = PBXHeadersBuildPhase;
			buildActionMask = 2147483647;
			files = (
				0196B223255F107000EE0E24 /* HTMLDSL.h in Headers */,
			);
			runOnlyForDeploymentPostprocessing = 0;
		};
/* End PBXHeadersBuildPhase section */

/* Begin PBXNativeTarget section */
		0196B202255F105000EE0E24 /* HTML */ = {
			isa = PBXNativeTarget;
			buildConfigurationList = 0196B20A255F105000EE0E24 /* Build configuration list for PBXNativeTarget "HTML" */;
			buildPhases = (
				0196B1FF255F105000EE0E24 /* Sources */,
				0196B200255F105000EE0E24 /* Frameworks */,
				0196B201255F105000EE0E24 /* CopyFiles */,
			);
			buildRules = (
			);
			dependencies = (
			);
			name = HTML;
			productName = HTML;
			productReference = 0196B203255F105000EE0E24 /* HTML */;
			productType = "com.apple.product-type.tool";
		};
		0196B212255F107000EE0E24 /* HTMLDSL */ = {
			isa = PBXNativeTarget;
			buildConfigurationList = 0196B224255F107000EE0E24 /* Build configuration list for PBXNativeTarget "HTMLDSL" */;
			buildPhases = (
				0196B20E255F107000EE0E24 /* Headers */,
				0196B20F255F107000EE0E24 /* Sources */,
				0196B210255F107000EE0E24 /* Frameworks */,
				0196B211255F107000EE0E24 /* Resources */,
			);
			buildRules = (
			);
			dependencies = (
			);
			name = HTMLDSL;
			productName = HTMLDSL;
			productReference = 0196B213255F107000EE0E24 /* HTMLDSL.framework */;
			productType = "com.apple.product-type.framework";
		};
		0196B21A255F107000EE0E24 /* HTMLDSLTests */ = {
			isa = PBXNativeTarget;
			buildConfigurationList = 0196B227255F107000EE0E24 /* Build configuration list for PBXNativeTarget "HTMLDSLTests" */;
			buildPhases = (
				0196B217255F107000EE0E24 /* Sources */,
				0196B218255F107000EE0E24 /* Frameworks */,
				0196B219255F107000EE0E24 /* Resources */,
			);
			buildRules = (
			);
			dependencies = (
				0196B21E255F107000EE0E24 /* PBXTargetDependency */,
			);
			name = HTMLDSLTests;
			productName = HTMLDSLTests;
			productReference = 0196B21B255F107000EE0E24 /* HTMLDSLTests.xctest */;
			productType = "com.apple.product-type.bundle.unit-test";
		};
/* End PBXNativeTarget section */

/* Begin PBXProject section */
		0196B1FB255F105000EE0E24 /* Project object */ = {
			isa = PBXProject;
			attributes = {
				LastSwiftUpdateCheck = 1220;
				LastUpgradeCheck = 1220;
				TargetAttributes = {
					0196B202255F105000EE0E24 = {
						CreatedOnToolsVersion = 12.2;
					};
					0196B212255F107000EE0E24 = {
						CreatedOnToolsVersion = 12.2;
						LastSwiftMigration = 1220;
					};
					0196B21A255F107000EE0E24 = {
						CreatedOnToolsVersion = 12.2;
					};
				};
			};
			buildConfigurationList = 0196B1FE255F105000EE0E24 /* Build configuration list for PBXProject "HTML" */;
			compatibilityVersion = "Xcode 9.3";
			developmentRegion = en;
			hasScannedForEncodings = 0;
			knownRegions = (
				en,
				Base,
			);
			mainGroup = 0196B1FA255F105000EE0E24;
			productRefGroup = 0196B204255F105000EE0E24 /* Products */;
			projectDirPath = "";
			projectRoot = "";
			targets = (
				0196B202255F105000EE0E24 /* HTML */,
				0196B212255F107000EE0E24 /* HTMLDSL */,
				0196B21A255F107000EE0E24 /* HTMLDSLTests */,
			);
		};
/* End PBXProject section */

/* Begin PBXResourcesBuildPhase section */
		0196B211255F107000EE0E24 /* Resources */ = {
			isa = PBXResourcesBuildPhase;
			buildActionMask = 2147483647;
			files = (
			);
			runOnlyForDeploymentPostprocessing = 0;
		};
		0196B219255F107000EE0E24 /* Resources */ = {
			isa = PBXResourcesBuildPhase;
			buildActionMask = 2147483647;
			files = (
			);
			runOnlyForDeploymentPostprocessing = 0;
		};
/* End PBXResourcesBuildPhase section */

/* Begin PBXSourcesBuildPhase section */
		0196B1FF255F105000EE0E24 /* Sources */ = {
			isa = PBXSourcesBuildPhase;
			buildActionMask = 2147483647;
			files = (
				0196B207255F105000EE0E24 /* main.swift in Sources */,
			);
			runOnlyForDeploymentPostprocessing = 0;
		};
		0196B20F255F107000EE0E24 /* Sources */ = {
			isa = PBXSourcesBuildPhase;
			buildActionMask = 2147483647;
			files = (
				0196B279255F374E00EE0E24 /* Head.swift in Sources */,
				01B22B64256168D5009DAAB4 /* Style.swift in Sources */,
				01B22BCA2562BFE2009DAAB4 /* TextView + Modifier.swift in Sources */,
				019CB946255FDCBD00C71B10 /* EmptyView.swift in Sources */,
				019CB956255FE40400C71B10 /* Title.swift in Sources */,
				016A6D0B2593D32D00C62F47 /* Div.swift in Sources */,
				0114CA8125647B1A008E3F8A /* ImageLink.swift in Sources */,
				01FC8D0C25A46C0500719706 /* BackgroundImageModifier.swift in Sources */,
				016A6D152593E3A400C62F47 /* IFrame.swift in Sources */,
				01AA15F3256555F5006F2B39 /* LinkView + Modifier.swift in Sources */,
				01B22BA025625AB7009DAAB4 /* ModifiedContent.swift in Sources */,
				01B22BF525630886009DAAB4 /* TextAlignment.swift in Sources */,
				016A6CFC2593AA0200C62F47 /* ClassModifier.swift in Sources */,
				019CB98D256039E100C71B10 /* Paragraphs.swift in Sources */,
				016A6D5C25968CDC00C62F47 /* PositionModifier.swift in Sources */,
				0114CA7725646D68008E3F8A /* LinkViewBuilder.swift in Sources */,
				01B22BFA25630981009DAAB4 /* TextAlignmentModifier.swift in Sources */,
				01B22BAF25626986009DAAB4 /* View + Modifier.swift in Sources */,
				01B22BE62562EE77009DAAB4 /* FontFamily.swift in Sources */,
				016A6D702596B0A300C62F47 /* IndexBodyStyle.swift in Sources */,
				016A6D572596852500C62F47 /* Position.swift in Sources */,
				0196B264255F2EB800EE0E24 /* HTML.swift in Sources */,
				01B22BA525625B33009DAAB4 /* ModifiedContent + View.swift in Sources */,
				0196B269255F306700EE0E24 /* Body.swift in Sources */,
				0114CA7225646A23008E3F8A /* Target.swift in Sources */,
				0196B26E255F309300EE0E24 /* Headings.swift in Sources */,
				95053A0F280D3D8C00C9D331 /* View + String.swift in Sources */,
				0196B25C255F298100EE0E24 /* HTMLView.swift in Sources */,
				016A6D1A2593F52C00C62F47 /* MarginModifier.swift in Sources */,
				0196B24F255F210900EE0E24 /* View + Never.swift in Sources */,
				01B22BFF25630D6F009DAAB4 /* TextFormatting.swift in Sources */,
				016A6CF72593A9EA00C62F47 /* IDModifier.swift in Sources */,
				016A6D1F2593F61C00C62F47 /* PaddingModifier.swift in Sources */,
				0114CA6825646454008E3F8A /* Link.swift in Sources */,
				016A6D662596A82B00C62F47 /* TextDecoration.swift in Sources */,
				01FC8CE325A43C7800719706 /* Grid.swift in Sources */,
				01B22B9B25625959009DAAB4 /* EmptyModifier.swift in Sources */,
				01FC8D0425A468FA00719706 /* CSSLink.swift in Sources */,
				01B22B5C25613F93009DAAB4 /* HTMLViewBuilder.swift in Sources */,
				01B22BE12562EE5F009DAAB4 /* FontSize.swift in Sources */,
				955FD7CF289C1110009F4503 /* Markdown.swift in Sources */,
				01B22BDC2562EE40009DAAB4 /* Dimension.swift in Sources */,
				019CB95E25600E0B00C71B10 /* Meta.swift in Sources */,
				019CB9762560216100C71B10 /* Image.swift in Sources */,
				01B22BD22562D776009DAAB4 /* SizeModifier.swift in Sources */,
				016A6D6B2596A99200C62F47 /* PageNavStyle.swift in Sources */,
				016A6D752597A26D00C62F47 /* PageBoxStyle.swift in Sources */,
				01B22B6925616924009DAAB4 /* Color.swift in Sources */,
				95053A0D280D3B7E00C9D331 /* NewLine.swift in Sources */,
				019CB93C255FDC5C00C71B10 /* Tag.swift in Sources */,
				01B22BAA25626685009DAAB4 /* BackgroundColorModifier.swift in Sources */,
				0196B238255F16F900EE0E24 /* Document.swift in Sources */,
				016A6D7A2597B5E000C62F47 /* HeroImageStyle.swift in Sources */,
				019CB936255FDC0600C71B10 /* View + Element.swift in Sources */,
				01B22BEB2562FFB4009DAAB4 /* FontModifier.swift in Sources */,
				01FC8CDB25A42E0E00719706 /* Hero.swift in Sources */,
				016A6D44259606CE00C62F47 /* HeadStyle.swift in Sources */,
				0196B254255F212700EE0E24 /* ViewBuilder.swift in Sources */,
				01B22BC02562B84C009DAAB4 /* ViewModifier + Extension.swift in Sources */,
				016A6D612596A45200C62F47 /* Display.swift in Sources */,
				01B22BC52562BA7F009DAAB4 /* ForegroundColorModifier.swift in Sources */,
				01B22B902562573B009DAAB4 /* ViewModifier.swift in Sources */,
				01B22B6E25616BF9009DAAB4 /* Attribute.swift in Sources */,
				016A6D372594941B00C62F47 /* CSSStyle.swift in Sources */,
				01AA15EE25655571006F2B39 /* TargetModifier.swift in Sources */,
				0196B233255F110E00EE0E24 /* View.swift in Sources */,
				959553F728053659008A3A14 /* Indentation.swift in Sources */,
				019CB941255FDC8B00C71B10 /* AnyView.swift in Sources */,
			);
			runOnlyForDeploymentPostprocessing = 0;
		};
		0196B217255F107000EE0E24 /* Sources */ = {
			isa = PBXSourcesBuildPhase;
			buildActionMask = 2147483647;
			files = (
				019CB99225603AA700C71B10 /* ParagraphTests.swift in Sources */,
				0114CA6D2564669B008E3F8A /* LinkTests.swift in Sources */,
				016A6D102593DBF500C62F47 /* DivTests.swift in Sources */,
				01E8025D256CDEA400B541ED /* IndexTests.swift in Sources */,
				016A6D4C2596099E00C62F47 /* CSSStyleTests.swift in Sources */,
				01B22BF02563024F009DAAB4 /* FontModifierTests.swift in Sources */,
				955FD7D1289C21BE009F4503 /* MarkdownTests.swift in Sources */,
				019CB963256013B100C71B10 /* MetaTests.swift in Sources */,
				01B22BB525626DF3009DAAB4 /* ModifiedContentTests.swift in Sources */,
				016A6D312594020800C62F47 /* PaddingModifierTests.swift in Sources */,
				019CB97C2560234700C71B10 /* ImageTests.swift in Sources */,
				016A6D2C2594008100C62F47 /* MarginModifierTests.swift in Sources */,
				0196B221255F107000EE0E24 /* DocumentTests.swift in Sources */,
				01B22BD72562D9C3009DAAB4 /* SizeModifierTests.swift in Sources */,
				01B22C0425630FFA009DAAB4 /* TextFormattingTests.swift in Sources */,
			);
			runOnlyForDeploymentPostprocessing = 0;
		};
/* End PBXSourcesBuildPhase section */

/* Begin PBXTargetDependency section */
		0196B21E255F107000EE0E24 /* PBXTargetDependency */ = {
			isa = PBXTargetDependency;
			target = 0196B212255F107000EE0E24 /* HTMLDSL */;
			targetProxy = 0196B21D255F107000EE0E24 /* PBXContainerItemProxy */;
		};
/* End PBXTargetDependency section */

/* Begin XCBuildConfiguration section */
		0196B208255F105000EE0E24 /* Debug */ = {
			isa = XCBuildConfiguration;
			buildSettings = {
				ALWAYS_SEARCH_USER_PATHS = NO;
				CLANG_ANALYZER_NONNULL = YES;
				CLANG_ANALYZER_NUMBER_OBJECT_CONVERSION = YES_AGGRESSIVE;
				CLANG_CXX_LANGUAGE_STANDARD = "gnu++14";
				CLANG_CXX_LIBRARY = "libc++";
				CLANG_ENABLE_MODULES = YES;
				CLANG_ENABLE_OBJC_ARC = YES;
				CLANG_ENABLE_OBJC_WEAK = YES;
				CLANG_WARN_BLOCK_CAPTURE_AUTORELEASING = YES;
				CLANG_WARN_BOOL_CONVERSION = YES;
				CLANG_WARN_COMMA = YES;
				CLANG_WARN_CONSTANT_CONVERSION = YES;
				CLANG_WARN_DEPRECATED_OBJC_IMPLEMENTATIONS = YES;
				CLANG_WARN_DIRECT_OBJC_ISA_USAGE = YES_ERROR;
				CLANG_WARN_DOCUMENTATION_COMMENTS = YES;
				CLANG_WARN_EMPTY_BODY = YES;
				CLANG_WARN_ENUM_CONVERSION = YES;
				CLANG_WARN_INFINITE_RECURSION = YES;
				CLANG_WARN_INT_CONVERSION = YES;
				CLANG_WARN_NON_LITERAL_NULL_CONVERSION = YES;
				CLANG_WARN_OBJC_IMPLICIT_RETAIN_SELF = YES;
				CLANG_WARN_OBJC_LITERAL_CONVERSION = YES;
				CLANG_WARN_OBJC_ROOT_CLASS = YES_ERROR;
				CLANG_WARN_QUOTED_INCLUDE_IN_FRAMEWORK_HEADER = YES;
				CLANG_WARN_RANGE_LOOP_ANALYSIS = YES;
				CLANG_WARN_STRICT_PROTOTYPES = YES;
				CLANG_WARN_SUSPICIOUS_MOVE = YES;
				CLANG_WARN_UNGUARDED_AVAILABILITY = YES_AGGRESSIVE;
				CLANG_WARN_UNREACHABLE_CODE = YES;
				CLANG_WARN__DUPLICATE_METHOD_MATCH = YES;
				COPY_PHASE_STRIP = NO;
				DEBUG_INFORMATION_FORMAT = dwarf;
				ENABLE_STRICT_OBJC_MSGSEND = YES;
				ENABLE_TESTABILITY = YES;
				GCC_C_LANGUAGE_STANDARD = gnu11;
				GCC_DYNAMIC_NO_PIC = NO;
				GCC_NO_COMMON_BLOCKS = YES;
				GCC_OPTIMIZATION_LEVEL = 0;
				GCC_PREPROCESSOR_DEFINITIONS = (
					"DEBUG=1",
					"$(inherited)",
				);
				GCC_WARN_64_TO_32_BIT_CONVERSION = YES;
				GCC_WARN_ABOUT_RETURN_TYPE = YES_ERROR;
				GCC_WARN_UNDECLARED_SELECTOR = YES;
				GCC_WARN_UNINITIALIZED_AUTOS = YES_AGGRESSIVE;
				GCC_WARN_UNUSED_FUNCTION = YES;
				GCC_WARN_UNUSED_VARIABLE = YES;
				MACOSX_DEPLOYMENT_TARGET = 10.15;
				MTL_ENABLE_DEBUG_INFO = INCLUDE_SOURCE;
				MTL_FAST_MATH = YES;
				ONLY_ACTIVE_ARCH = YES;
				SDKROOT = macosx;
				SWIFT_ACTIVE_COMPILATION_CONDITIONS = DEBUG;
				SWIFT_OPTIMIZATION_LEVEL = "-Onone";
			};
			name = Debug;
		};
		0196B209255F105000EE0E24 /* Release */ = {
			isa = XCBuildConfiguration;
			buildSettings = {
				ALWAYS_SEARCH_USER_PATHS = NO;
				CLANG_ANALYZER_NONNULL = YES;
				CLANG_ANALYZER_NUMBER_OBJECT_CONVERSION = YES_AGGRESSIVE;
				CLANG_CXX_LANGUAGE_STANDARD = "gnu++14";
				CLANG_CXX_LIBRARY = "libc++";
				CLANG_ENABLE_MODULES = YES;
				CLANG_ENABLE_OBJC_ARC = YES;
				CLANG_ENABLE_OBJC_WEAK = YES;
				CLANG_WARN_BLOCK_CAPTURE_AUTORELEASING = YES;
				CLANG_WARN_BOOL_CONVERSION = YES;
				CLANG_WARN_COMMA = YES;
				CLANG_WARN_CONSTANT_CONVERSION = YES;
				CLANG_WARN_DEPRECATED_OBJC_IMPLEMENTATIONS = YES;
				CLANG_WARN_DIRECT_OBJC_ISA_USAGE = YES_ERROR;
				CLANG_WARN_DOCUMENTATION_COMMENTS = YES;
				CLANG_WARN_EMPTY_BODY = YES;
				CLANG_WARN_ENUM_CONVERSION = YES;
				CLANG_WARN_INFINITE_RECURSION = YES;
				CLANG_WARN_INT_CONVERSION = YES;
				CLANG_WARN_NON_LITERAL_NULL_CONVERSION = YES;
				CLANG_WARN_OBJC_IMPLICIT_RETAIN_SELF = YES;
				CLANG_WARN_OBJC_LITERAL_CONVERSION = YES;
				CLANG_WARN_OBJC_ROOT_CLASS = YES_ERROR;
				CLANG_WARN_QUOTED_INCLUDE_IN_FRAMEWORK_HEADER = YES;
				CLANG_WARN_RANGE_LOOP_ANALYSIS = YES;
				CLANG_WARN_STRICT_PROTOTYPES = YES;
				CLANG_WARN_SUSPICIOUS_MOVE = YES;
				CLANG_WARN_UNGUARDED_AVAILABILITY = YES_AGGRESSIVE;
				CLANG_WARN_UNREACHABLE_CODE = YES;
				CLANG_WARN__DUPLICATE_METHOD_MATCH = YES;
				COPY_PHASE_STRIP = NO;
				DEBUG_INFORMATION_FORMAT = "dwarf-with-dsym";
				ENABLE_NS_ASSERTIONS = NO;
				ENABLE_STRICT_OBJC_MSGSEND = YES;
				GCC_C_LANGUAGE_STANDARD = gnu11;
				GCC_NO_COMMON_BLOCKS = YES;
				GCC_WARN_64_TO_32_BIT_CONVERSION = YES;
				GCC_WARN_ABOUT_RETURN_TYPE = YES_ERROR;
				GCC_WARN_UNDECLARED_SELECTOR = YES;
				GCC_WARN_UNINITIALIZED_AUTOS = YES_AGGRESSIVE;
				GCC_WARN_UNUSED_FUNCTION = YES;
				GCC_WARN_UNUSED_VARIABLE = YES;
				MACOSX_DEPLOYMENT_TARGET = 10.15;
				MTL_ENABLE_DEBUG_INFO = NO;
				MTL_FAST_MATH = YES;
				SDKROOT = macosx;
				SWIFT_COMPILATION_MODE = wholemodule;
				SWIFT_OPTIMIZATION_LEVEL = "-O";
			};
			name = Release;
		};
		0196B20B255F105000EE0E24 /* Debug */ = {
			isa = XCBuildConfiguration;
			buildSettings = {
				CODE_SIGN_STYLE = Automatic;
				DEVELOPMENT_TEAM = 565GS4VPDB;
				ENABLE_HARDENED_RUNTIME = YES;
				PRODUCT_NAME = "$(TARGET_NAME)";
				SWIFT_VERSION = 5.0;
			};
			name = Debug;
		};
		0196B20C255F105000EE0E24 /* Release */ = {
			isa = XCBuildConfiguration;
			buildSettings = {
				CODE_SIGN_STYLE = Automatic;
				DEVELOPMENT_TEAM = 565GS4VPDB;
				ENABLE_HARDENED_RUNTIME = YES;
				PRODUCT_NAME = "$(TARGET_NAME)";
				SWIFT_VERSION = 5.0;
			};
			name = Release;
		};
		0196B225255F107000EE0E24 /* Debug */ = {
			isa = XCBuildConfiguration;
			buildSettings = {
				CLANG_ENABLE_MODULES = YES;
				CODE_SIGN_STYLE = Automatic;
				CURRENT_PROJECT_VERSION = 1;
				DEFINES_MODULE = YES;
				DEVELOPMENT_TEAM = 565GS4VPDB;
				DYLIB_COMPATIBILITY_VERSION = 1;
				DYLIB_CURRENT_VERSION = 1;
				DYLIB_INSTALL_NAME_BASE = "@rpath";
				INFOPLIST_FILE = HTMLDSL/Info.plist;
				INSTALL_PATH = "$(LOCAL_LIBRARY_DIR)/Frameworks";
				IPHONEOS_DEPLOYMENT_TARGET = 14.2;
				LD_RUNPATH_SEARCH_PATHS = (
					"$(inherited)",
					"@executable_path/Frameworks",
					"@loader_path/Frameworks",
				);
				PRODUCT_BUNDLE_IDENTIFIER = com.Shahrukh.HTMLDSL;
				PRODUCT_NAME = "$(TARGET_NAME:c99extidentifier)";
				SDKROOT = iphoneos;
				SKIP_INSTALL = YES;
				SWIFT_OPTIMIZATION_LEVEL = "-Onone";
				SWIFT_VERSION = 5.0;
				TARGETED_DEVICE_FAMILY = "1,2";
				VERSIONING_SYSTEM = "apple-generic";
				VERSION_INFO_PREFIX = "";
			};
			name = Debug;
		};
		0196B226255F107000EE0E24 /* Release */ = {
			isa = XCBuildConfiguration;
			buildSettings = {
				CLANG_ENABLE_MODULES = YES;
				CODE_SIGN_STYLE = Automatic;
				CURRENT_PROJECT_VERSION = 1;
				DEFINES_MODULE = YES;
				DEVELOPMENT_TEAM = 565GS4VPDB;
				DYLIB_COMPATIBILITY_VERSION = 1;
				DYLIB_CURRENT_VERSION = 1;
				DYLIB_INSTALL_NAME_BASE = "@rpath";
				INFOPLIST_FILE = HTMLDSL/Info.plist;
				INSTALL_PATH = "$(LOCAL_LIBRARY_DIR)/Frameworks";
				IPHONEOS_DEPLOYMENT_TARGET = 14.2;
				LD_RUNPATH_SEARCH_PATHS = (
					"$(inherited)",
					"@executable_path/Frameworks",
					"@loader_path/Frameworks",
				);
				PRODUCT_BUNDLE_IDENTIFIER = com.Shahrukh.HTMLDSL;
				PRODUCT_NAME = "$(TARGET_NAME:c99extidentifier)";
				SDKROOT = iphoneos;
				SKIP_INSTALL = YES;
				SWIFT_VERSION = 5.0;
				TARGETED_DEVICE_FAMILY = "1,2";
				VALIDATE_PRODUCT = YES;
				VERSIONING_SYSTEM = "apple-generic";
				VERSION_INFO_PREFIX = "";
			};
			name = Release;
		};
		0196B228255F107000EE0E24 /* Debug */ = {
			isa = XCBuildConfiguration;
			buildSettings = {
				ALWAYS_EMBED_SWIFT_STANDARD_LIBRARIES = YES;
				CODE_SIGN_STYLE = Automatic;
				DEVELOPMENT_TEAM = 565GS4VPDB;
				INFOPLIST_FILE = HTMLDSLTests/Info.plist;
				IPHONEOS_DEPLOYMENT_TARGET = 14.2;
				LD_RUNPATH_SEARCH_PATHS = (
					"$(inherited)",
					"@executable_path/Frameworks",
					"@loader_path/Frameworks",
				);
				PRODUCT_BUNDLE_IDENTIFIER = com.Shahrukh.HTMLDSLTests;
				PRODUCT_NAME = "$(TARGET_NAME)";
				SDKROOT = iphoneos;
				SWIFT_VERSION = 5.0;
				TARGETED_DEVICE_FAMILY = "1,2";
			};
			name = Debug;
		};
		0196B229255F107000EE0E24 /* Release */ = {
			isa = XCBuildConfiguration;
			buildSettings = {
				ALWAYS_EMBED_SWIFT_STANDARD_LIBRARIES = YES;
				CODE_SIGN_STYLE = Automatic;
				DEVELOPMENT_TEAM = 565GS4VPDB;
				INFOPLIST_FILE = HTMLDSLTests/Info.plist;
				IPHONEOS_DEPLOYMENT_TARGET = 14.2;
				LD_RUNPATH_SEARCH_PATHS = (
					"$(inherited)",
					"@executable_path/Frameworks",
					"@loader_path/Frameworks",
				);
				PRODUCT_BUNDLE_IDENTIFIER = com.Shahrukh.HTMLDSLTests;
				PRODUCT_NAME = "$(TARGET_NAME)";
				SDKROOT = iphoneos;
				SWIFT_VERSION = 5.0;
				TARGETED_DEVICE_FAMILY = "1,2";
				VALIDATE_PRODUCT = YES;
			};
			name = Release;
		};
/* End XCBuildConfiguration section */

/* Begin XCConfigurationList section */
		0196B1FE255F105000EE0E24 /* Build configuration list for PBXProject "HTML" */ = {
			isa = XCConfigurationList;
			buildConfigurations = (
				0196B208255F105000EE0E24 /* Debug */,
				0196B209255F105000EE0E24 /* Release */,
			);
			defaultConfigurationIsVisible = 0;
			defaultConfigurationName = Release;
		};
		0196B20A255F105000EE0E24 /* Build configuration list for PBXNativeTarget "HTML" */ = {
			isa = XCConfigurationList;
			buildConfigurations = (
				0196B20B255F105000EE0E24 /* Debug */,
				0196B20C255F105000EE0E24 /* Release */,
			);
			defaultConfigurationIsVisible = 0;
			defaultConfigurationName = Release;
		};
		0196B224255F107000EE0E24 /* Build configuration list for PBXNativeTarget "HTMLDSL" */ = {
			isa = XCConfigurationList;
			buildConfigurations = (
				0196B225255F107000EE0E24 /* Debug */,
				0196B226255F107000EE0E24 /* Release */,
			);
			defaultConfigurationIsVisible = 0;
			defaultConfigurationName = Release;
		};
		0196B227255F107000EE0E24 /* Build configuration list for PBXNativeTarget "HTMLDSLTests" */ = {
			isa = XCConfigurationList;
			buildConfigurations = (
				0196B228255F107000EE0E24 /* Debug */,
				0196B229255F107000EE0E24 /* Release */,
			);
			defaultConfigurationIsVisible = 0;
			defaultConfigurationName = Release;
		};
/* End XCConfigurationList section */
	};
	rootObject = 0196B1FB255F105000EE0E24 /* Project object */;
}
